// !$*UTF8*$!
{
	archiveVersion = 1;
	classes = {
	};
	objectVersion = 56;
	objects = {

/* Begin PBXBuildFile section */
		3B7097722AC88357008F685C /* IOS10_HW23_KalykAzharApp.swift in Sources */ = {isa = PBXBuildFile; fileRef = 3B7097712AC88357008F685C /* IOS10_HW23_KalykAzharApp.swift */; };
		3B7097742AC88357008F685C /* ContentView.swift in Sources */ = {isa = PBXBuildFile; fileRef = 3B7097732AC88357008F685C /* ContentView.swift */; };
		3B7097762AC88358008F685C /* Assets.xcassets in Resources */ = {isa = PBXBuildFile; fileRef = 3B7097752AC88358008F685C /* Assets.xcassets */; };
		3B7097792AC88358008F685C /* Preview Assets.xcassets in Resources */ = {isa = PBXBuildFile; fileRef = 3B7097782AC88358008F685C /* Preview Assets.xcassets */; };
		3B7097802AC88BC1008F685C /* Model.swift in Sources */ = {isa = PBXBuildFile; fileRef = 3B70977F2AC88BC1008F685C /* Model.swift */; };
		3B7097862AC88DF2008F685C /* MediaLibrary.swift in Sources */ = {isa = PBXBuildFile; fileRef = 3B7097852AC88DF2008F685C /* MediaLibrary.swift */; };
		3B70978A2AC88E78008F685C /* ListView.swift in Sources */ = {isa = PBXBuildFile; fileRef = 3B7097892AC88E78008F685C /* ListView.swift */; };
		3B70978C2AC88EBC008F685C /* TabBarView.swift in Sources */ = {isa = PBXBuildFile; fileRef = 3B70978B2AC88EBC008F685C /* TabBarView.swift */; };
		3B70978E2AC88EFE008F685C /* PlayerView.swift in Sources */ = {isa = PBXBuildFile; fileRef = 3B70978D2AC88EFE008F685C /* PlayerView.swift */; };
		3B7097902AC89641008F685C /* TextForMedia.swift in Sources */ = {isa = PBXBuildFile; fileRef = 3B70978F2AC89641008F685C /* TextForMedia.swift */; };
/* End PBXBuildFile section */

/* Begin PBXFileReference section */
		3B70976E2AC88357008F685C /* IOS10-HW23-KalykAzhar.app */ = {isa = PBXFileReference; explicitFileType = wrapper.application; includeInIndex = 0; path = "IOS10-HW23-KalykAzhar.app"; sourceTree = BUILT_PRODUCTS_DIR; };
		3B7097712AC88357008F685C /* IOS10_HW23_KalykAzharApp.swift */ = {isa = PBXFileReference; lastKnownFileType = sourcecode.swift; path = IOS10_HW23_KalykAzharApp.swift; sourceTree = "<group>"; };
		3B7097732AC88357008F685C /* ContentView.swift */ = {isa = PBXFileReference; lastKnownFileType = sourcecode.swift; path = ContentView.swift; sourceTree = "<group>"; };
		3B7097752AC88358008F685C /* Assets.xcassets */ = {isa = PBXFileReference; lastKnownFileType = folder.assetcatalog; path = Assets.xcassets; sourceTree = "<group>"; };
		3B7097782AC88358008F685C /* Preview Assets.xcassets */ = {isa = PBXFileReference; lastKnownFileType = folder.assetcatalog; path = "Preview Assets.xcassets"; sourceTree = "<group>"; };
		3B70977F2AC88BC1008F685C /* Model.swift */ = {isa = PBXFileReference; lastKnownFileType = sourcecode.swift; path = Model.swift; sourceTree = "<group>"; };
		3B7097852AC88DF2008F685C /* MediaLibrary.swift */ = {isa = PBXFileReference; lastKnownFileType = sourcecode.swift; path = MediaLibrary.swift; sourceTree = "<group>"; };
		3B7097892AC88E78008F685C /* ListView.swift */ = {isa = PBXFileReference; lastKnownFileType = sourcecode.swift; path = ListView.swift; sourceTree = "<group>"; };
		3B70978B2AC88EBC008F685C /* TabBarView.swift */ = {isa = PBXFileReference; lastKnownFileType = sourcecode.swift; path = TabBarView.swift; sourceTree = "<group>"; };
		3B70978D2AC88EFE008F685C /* PlayerView.swift */ = {isa = PBXFileReference; lastKnownFileType = sourcecode.swift; path = PlayerView.swift; sourceTree = "<group>"; };
		3B70978F2AC89641008F685C /* TextForMedia.swift */ = {isa = PBXFileReference; lastKnownFileType = sourcecode.swift; path = TextForMedia.swift; sourceTree = "<group>"; };
/* End PBXFileReference section */

/* Begin PBXFrameworksBuildPhase section */
		3B70976B2AC88357008F685C /* Frameworks */ = {
			isa = PBXFrameworksBuildPhase;
			buildActionMask = 2147483647;
			files = (
			);
			runOnlyForDeploymentPostprocessing = 0;
		};
/* End PBXFrameworksBuildPhase section */

/* Begin PBXGroup section */
		3B7097652AC88357008F685C = {
			isa = PBXGroup;
			children = (
				3B7097702AC88357008F685C /* IOS10-HW23-KalykAzhar */,
				3B70976F2AC88357008F685C /* Products */,
			);
			sourceTree = "<group>";
		};
		3B70976F2AC88357008F685C /* Products */ = {
			isa = PBXGroup;
			children = (
				3B70976E2AC88357008F685C /* IOS10-HW23-KalykAzhar.app */,
			);
			name = Products;
			sourceTree = "<group>";
		};
		3B7097702AC88357008F685C /* IOS10-HW23-KalykAzhar */ = {
			isa = PBXGroup;
			children = (
				3B9E76C22ADA8A8A005BB147 /* ContentView */,
				3B9E76C52ADA8C9A005BB147 /* Media */,
				3B7097752AC88358008F685C /* Assets.xcassets */,
				3B7097772AC88358008F685C /* Preview Content */,
			);
			path = "IOS10-HW23-KalykAzhar";
			sourceTree = "<group>";
		};
		3B7097772AC88358008F685C /* Preview Content */ = {
			isa = PBXGroup;
			children = (
				3B7097782AC88358008F685C /* Preview Assets.xcassets */,
			);
			path = "Preview Content";
			sourceTree = "<group>";
		};
		3B9E76C22ADA8A8A005BB147 /* ContentView */ = {
			isa = PBXGroup;
			children = (
				3B7097712AC88357008F685C /* IOS10_HW23_KalykAzharApp.swift */,
				3B7097732AC88357008F685C /* ContentView.swift */,
			);
			path = ContentView;
			sourceTree = "<group>";
		};
		3B9E76C32ADA8AB4005BB147 /* TabBarView */ = {
			isa = PBXGroup;
			children = (
				3B70978B2AC88EBC008F685C /* TabBarView.swift */,
			);
			path = TabBarView;
			sourceTree = "<group>";
		};
		3B9E76C42ADA8C0C005BB147 /* PlayerView */ = {
			isa = PBXGroup;
			children = (
				3B70978D2AC88EFE008F685C /* PlayerView.swift */,
			);
			path = PlayerView;
			sourceTree = "<group>";
		};
		3B9E76C52ADA8C9A005BB147 /* Media */ = {
			isa = PBXGroup;
			children = (
				3B9E76C72ADA8D01005BB147 /* Model */,
				3B9E76C32ADA8AB4005BB147 /* TabBarView */,
				3B9E76C42ADA8C0C005BB147 /* PlayerView */,
				3B9E76C62ADA8CEE005BB147 /* View */,
			);
			path = Media;
			sourceTree = "<group>";
		};
		3B9E76C62ADA8CEE005BB147 /* View */ = {
			isa = PBXGroup;
			children = (
				3B7097852AC88DF2008F685C /* MediaLibrary.swift */,
				3B70978F2AC89641008F685C /* TextForMedia.swift */,
				3B7097892AC88E78008F685C /* ListView.swift */,
			);
			path = View;
			sourceTree = "<group>";
		};
		3B9E76C72ADA8D01005BB147 /* Model */ = {
			isa = PBXGroup;
			children = (
				3B70977F2AC88BC1008F685C /* Model.swift */,
			);
			path = Model;
			sourceTree = "<group>";
		};
/* End PBXGroup section */

/* Begin PBXNativeTarget section */
		3B70976D2AC88357008F685C /* IOS10-HW23-KalykAzhar */ = {
			isa = PBXNativeTarget;
			buildConfigurationList = 3B70977C2AC88358008F685C /* Build configuration list for PBXNativeTarget "IOS10-HW23-KalykAzhar" */;
			buildPhases = (
				3B70976A2AC88357008F685C /* Sources */,
				3B70976B2AC88357008F685C /* Frameworks */,
				3B70976C2AC88357008F685C /* Resources */,
			);
			buildRules = (
			);
			dependencies = (
			);
			name = "IOS10-HW23-KalykAzhar";
			productName = "IOS10-HW23-KalykAzhar";
			productReference = 3B70976E2AC88357008F685C /* IOS10-HW23-KalykAzhar.app */;
			productType = "com.apple.product-type.application";
		};
/* End PBXNativeTarget section */

/* Begin PBXProject section */
		3B7097662AC88357008F685C /* Project object */ = {
			isa = PBXProject;
			attributes = {
				BuildIndependentTargetsInParallel = 1;
				LastSwiftUpdateCheck = 1430;
				LastUpgradeCheck = 1430;
				TargetAttributes = {
					3B70976D2AC88357008F685C = {
						CreatedOnToolsVersion = 14.3.1;
					};
				};
			};
			buildConfigurationList = 3B7097692AC88357008F685C /* Build configuration list for PBXProject "IOS10-HW23-KalykAzhar" */;
			compatibilityVersion = "Xcode 14.0";
			developmentRegion = en;
			hasScannedForEncodings = 0;
			knownRegions = (
				en,
				Base,
			);
			mainGroup = 3B7097652AC88357008F685C;
			productRefGroup = 3B70976F2AC88357008F685C /* Products */;
			projectDirPath = "";
			projectRoot = "";
			targets = (
				3B70976D2AC88357008F685C /* IOS10-HW23-KalykAzhar */,
			);
		};
/* End PBXProject section */

/* Begin PBXResourcesBuildPhase section */
		3B70976C2AC88357008F685C /* Resources */ = {
			isa = PBXResourcesBuildPhase;
			buildActionMask = 2147483647;
			files = (
				3B7097792AC88358008F685C /* Preview Assets.xcassets in Resources */,
				3B7097762AC88358008F685C /* Assets.xcassets in Resources */,
			);
			runOnlyForDeploymentPostprocessing = 0;
		};
/* End PBXResourcesBuildPhase section */

/* Begin PBXSourcesBuildPhase section */
		3B70976A2AC88357008F685C /* Sources */ = {
			isa = PBXSourcesBuildPhase;
			buildActionMask = 2147483647;
			files = (
				3B7097802AC88BC1008F685C /* Model.swift in Sources */,
				3B7097902AC89641008F685C /* TextForMedia.swift in Sources */,
				3B70978C2AC88EBC008F685C /* TabBarView.swift in Sources */,
				3B7097742AC88357008F685C /* ContentView.swift in Sources */,
				3B70978E2AC88EFE008F685C /* PlayerView.swift in Sources */,
				3B70978A2AC88E78008F685C /* ListView.swift in Sources */,
				3B7097862AC88DF2008F685C /* MediaLibrary.swift in Sources */,
				3B7097722AC88357008F685C /* IOS10_HW23_KalykAzharApp.swift in Sources */,
			);
			runOnlyForDeploymentPostprocessing = 0;
		};
/* End PBXSourcesBuildPhase section */

/* Begin XCBuildConfiguration section */
		3B70977A2AC88358008F685C /* Debug */ = {
			isa = XCBuildConfiguration;
			buildSettings = {
				ALWAYS_SEARCH_USER_PATHS = NO;
				CLANG_ANALYZER_NONNULL = YES;
				CLANG_ANALYZER_NUMBER_OBJECT_CONVERSION = YES_AGGRESSIVE;
				CLANG_CXX_LANGUAGE_STANDARD = "gnu++20";
				CLANG_ENABLE_MODULES = YES;
				CLANG_ENABLE_OBJC_ARC = YES;
				CLANG_ENABLE_OBJC_WEAK = YES;
				CLANG_WARN_BLOCK_CAPTURE_AUTORELEASING = YES;
				CLANG_WARN_BOOL_CONVERSION = YES;
				CLANG_WARN_COMMA = YES;
				CLANG_WARN_CONSTANT_CONVERSION = YES;
				CLANG_WARN_DEPRECATED_OBJC_IMPLEMENTATIONS = YES;
				CLANG_WARN_DIRECT_OBJC_ISA_USAGE = YES_ERROR;
				CLANG_WARN_DOCUMENTATION_COMMENTS = YES;
				CLANG_WARN_EMPTY_BODY = YES;
				CLANG_WARN_ENUM_CONVERSION = YES;
				CLANG_WARN_INFINITE_RECURSION = YES;
				CLANG_WARN_INT_CONVERSION = YES;
				CLANG_WARN_NON_LITERAL_NULL_CONVERSION = YES;
				CLANG_WARN_OBJC_IMPLICIT_RETAIN_SELF = YES;
				CLANG_WARN_OBJC_LITERAL_CONVERSION = YES;
				CLANG_WARN_OBJC_ROOT_CLASS = YES_ERROR;
				CLANG_WARN_QUOTED_INCLUDE_IN_FRAMEWORK_HEADER = YES;
				CLANG_WARN_RANGE_LOOP_ANALYSIS = YES;
				CLANG_WARN_STRICT_PROTOTYPES = YES;
				CLANG_WARN_SUSPICIOUS_MOVE = YES;
				CLANG_WARN_UNGUARDED_AVAILABILITY = YES_AGGRESSIVE;
				CLANG_WARN_UNREACHABLE_CODE = YES;
				CLANG_WARN__DUPLICATE_METHOD_MATCH = YES;
				COPY_PHASE_STRIP = NO;
				DEBUG_INFORMATION_FORMAT = dwarf;
				ENABLE_STRICT_OBJC_MSGSEND = YES;
				ENABLE_TESTABILITY = YES;
				GCC_C_LANGUAGE_STANDARD = gnu11;
				GCC_DYNAMIC_NO_PIC = NO;
				GCC_NO_COMMON_BLOCKS = YES;
				GCC_OPTIMIZATION_LEVEL = 0;
				GCC_PREPROCESSOR_DEFINITIONS = (
					"DEBUG=1",
					"$(inherited)",
				);
				GCC_WARN_64_TO_32_BIT_CONVERSION = YES;
				GCC_WARN_ABOUT_RETURN_TYPE = YES_ERROR;
				GCC_WARN_UNDECLARED_SELECTOR = YES;
				GCC_WARN_UNINITIALIZED_AUTOS = YES_AGGRESSIVE;
				GCC_WARN_UNUSED_FUNCTION = YES;
				GCC_WARN_UNUSED_VARIABLE = YES;
				IPHONEOS_DEPLOYMENT_TARGET = 16.4;
				MTL_ENABLE_DEBUG_INFO = INCLUDE_SOURCE;
				MTL_FAST_MATH = YES;
				ONLY_ACTIVE_ARCH = YES;
				SDKROOT = iphoneos;
				SWIFT_ACTIVE_COMPILATION_CONDITIONS = DEBUG;
				SWIFT_OPTIMIZATION_LEVEL = "-Onone";
			};
			name = Debug;
		};
		3B70977B2AC88358008F685C /* Release */ = {
			isa = XCBuildConfiguration;
			buildSettings = {
				ALWAYS_SEARCH_USER_PATHS = NO;
				CLANG_ANALYZER_NONNULL = YES;
				CLANG_ANALYZER_NUMBER_OBJECT_CONVERSION = YES_AGGRESSIVE;
				CLANG_CXX_LANGUAGE_STANDARD = "gnu++20";
				CLANG_ENABLE_MODULES = YES;
				CLANG_ENABLE_OBJC_ARC = YES;
				CLANG_ENABLE_OBJC_WEAK = YES;
				CLANG_WARN_BLOCK_CAPTURE_AUTORELEASING = YES;
				CLANG_WARN_BOOL_CONVERSION = YES;
				CLANG_WARN_COMMA = YES;
				CLANG_WARN_CONSTANT_CONVERSION = YES;
				CLANG_WARN_DEPRECATED_OBJC_IMPLEMENTATIONS = YES;
				CLANG_WARN_DIRECT_OBJC_ISA_USAGE = YES_ERROR;
				CLANG_WARN_DOCUMENTATION_COMMENTS = YES;
				CLANG_WARN_EMPTY_BODY = YES;
				CLANG_WARN_ENUM_CONVERSION = YES;
				CLANG_WARN_INFINITE_RECURSION = YES;
				CLANG_WARN_INT_CONVERSION = YES;
				CLANG_WARN_NON_LITERAL_NULL_CONVERSION = YES;
				CLANG_WARN_OBJC_IMPLICIT_RETAIN_SELF = YES;
				CLANG_WARN_OBJC_LITERAL_CONVERSION = YES;
				CLANG_WARN_OBJC_ROOT_CLASS = YES_ERROR;
				CLANG_WARN_QUOTED_INCLUDE_IN_FRAMEWORK_HEADER = YES;
				CLANG_WARN_RANGE_LOOP_ANALYSIS = YES;
				CLANG_WARN_STRICT_PROTOTYPES = YES;
				CLANG_WARN_SUSPICIOUS_MOVE = YES;
				CLANG_WARN_UNGUARDED_AVAILABILITY = YES_AGGRESSIVE;
				CLANG_WARN_UNREACHABLE_CODE = YES;
				CLANG_WARN__DUPLICATE_METHOD_MATCH = YES;
				COPY_PHASE_STRIP = NO;
				DEBUG_INFORMATION_FORMAT = "dwarf-with-dsym";
				ENABLE_NS_ASSERTIONS = NO;
				ENABLE_STRICT_OBJC_MSGSEND = YES;
				GCC_C_LANGUAGE_STANDARD = gnu11;
				GCC_NO_COMMON_BLOCKS = YES;
				GCC_WARN_64_TO_32_BIT_CONVERSION = YES;
				GCC_WARN_ABOUT_RETURN_TYPE = YES_ERROR;
				GCC_WARN_UNDECLARED_SELECTOR = YES;
				GCC_WARN_UNINITIALIZED_AUTOS = YES_AGGRESSIVE;
				GCC_WARN_UNUSED_FUNCTION = YES;
				GCC_WARN_UNUSED_VARIABLE = YES;
				IPHONEOS_DEPLOYMENT_TARGET = 16.4;
				MTL_ENABLE_DEBUG_INFO = NO;
				MTL_FAST_MATH = YES;
				SDKROOT = iphoneos;
				SWIFT_COMPILATION_MODE = wholemodule;
				SWIFT_OPTIMIZATION_LEVEL = "-O";
				VALIDATE_PRODUCT = YES;
			};
			name = Release;
		};
		3B70977D2AC88358008F685C /* Debug */ = {
			isa = XCBuildConfiguration;
			buildSettings = {
				ASSETCATALOG_COMPILER_APPICON_NAME = AppIcon;
				ASSETCATALOG_COMPILER_GLOBAL_ACCENT_COLOR_NAME = AccentColor;
				CODE_SIGN_STYLE = Automatic;
				CURRENT_PROJECT_VERSION = 1;
				DEVELOPMENT_ASSET_PATHS = "\"IOS10-HW23-KalykAzhar/Preview Content\"";
				DEVELOPMENT_TEAM = QF9HR22348;
				ENABLE_PREVIEWS = YES;
				GENERATE_INFOPLIST_FILE = YES;
				INFOPLIST_KEY_UIApplicationSceneManifest_Generation = YES;
				INFOPLIST_KEY_UIApplicationSupportsIndirectInputEvents = YES;
				INFOPLIST_KEY_UILaunchScreen_Generation = YES;
				INFOPLIST_KEY_UISupportedInterfaceOrientations_iPad = "UIInterfaceOrientationPortrait UIInterfaceOrientationPortraitUpsideDown UIInterfaceOrientationLandscapeLeft UIInterfaceOrientationLandscapeRight";
				INFOPLIST_KEY_UISupportedInterfaceOrientations_iPhone = "UIInterfaceOrientationPortrait UIInterfaceOrientationLandscapeLeft UIInterfaceOrientationLandscapeRight";
				LD_RUNPATH_SEARCH_PATHS = (
					"$(inherited)",
					"@executable_path/Frameworks",
				);
				MARKETING_VERSION = 1.0;
				PRODUCT_BUNDLE_IDENTIFIER = "com.kalyk.IOS10-HW23-KalykAzhar";
				PRODUCT_NAME = "$(TARGET_NAME)";
				SWIFT_EMIT_LOC_STRINGS = YES;
				SWIFT_VERSION = 5.0;
				TARGETED_DEVICE_FAMILY = "1,2";
			};
			name = Debug;
		};
		3B70977E2AC88358008F685C /* Release */ = {
			isa = XCBuildConfiguration;
			buildSettings = {
				ASSETCATALOG_COMPILER_APPICON_NAME = AppIcon;
				ASSETCATALOG_COMPILER_GLOBAL_ACCENT_COLOR_NAME = AccentColor;
				CODE_SIGN_STYLE = Automatic;
				CURRENT_PROJECT_VERSION = 1;
				DEVELOPMENT_ASSET_PATHS = "\"IOS10-HW23-KalykAzhar/Preview Content\"";
				DEVELOPMENT_TEAM = QF9HR22348;
				ENABLE_PREVIEWS = YES;
				GENERATE_INFOPLIST_FILE = YES;
				INFOPLIST_KEY_UIApplicationSceneManifest_Generation = YES;
				INFOPLIST_KEY_UIApplicationSupportsIndirectInputEvents = YES;
				INFOPLIST_KEY_UILaunchScreen_Generation = YES;
				INFOPLIST_KEY_UISupportedInterfaceOrientations_iPad = "UIInterfaceOrientationPortrait UIInterfaceOrientationPortraitUpsideDown UIInterfaceOrientationLandscapeLeft UIInterfaceOrientationLandscapeRight";
				INFOPLIST_KEY_UISupportedInterfaceOrientations_iPhone = "UIInterfaceOrientationPortrait UIInterfaceOrientationLandscapeLeft UIInterfaceOrientationLandscapeRight";
				LD_RUNPATH_SEARCH_PATHS = (
					"$(inherited)",
					"@executable_path/Frameworks",
				);
				MARKETING_VERSION = 1.0;
				PRODUCT_BUNDLE_IDENTIFIER = "com.kalyk.IOS10-HW23-KalykAzhar";
				PRODUCT_NAME = "$(TARGET_NAME)";
				SWIFT_EMIT_LOC_STRINGS = YES;
				SWIFT_VERSION = 5.0;
				TARGETED_DEVICE_FAMILY = "1,2";
			};
			name = Release;
		};
/* End XCBuildConfiguration section */

/* Begin XCConfigurationList section */
		3B7097692AC88357008F685C /* Build configuration list for PBXProject "IOS10-HW23-KalykAzhar" */ = {
			isa = XCConfigurationList;
			buildConfigurations = (
				3B70977A2AC88358008F685C /* Debug */,
				3B70977B2AC88358008F685C /* Release */,
			);
			defaultConfigurationIsVisible = 0;
			defaultConfigurationName = Release;
		};
		3B70977C2AC88358008F685C /* Build configuration list for PBXNativeTarget "IOS10-HW23-KalykAzhar" */ = {
			isa = XCConfigurationList;
			buildConfigurations = (
				3B70977D2AC88358008F685C /* Debug */,
				3B70977E2AC88358008F685C /* Release */,
			);
			defaultConfigurationIsVisible = 0;
			defaultConfigurationName = Release;
		};
/* End XCConfigurationList section */
	};
	rootObject = 3B7097662AC88357008F685C /* Project object */;
}
